
Microsoft Visual Studio Solution File, Format Version 12.00
# Visual Studio 14
VisualStudioVersion = 14.0.25420.1
MinimumVisualStudioVersion = 10.0.40219.1
Project("{2150E333-8FDC-42A3-9474-1A3956D46DE8}") = "Source", "Source", "{BAA8A4EE-6C46-4307-BC50-DCF1D0EA7995}"
EndProject
Project("{2150E333-8FDC-42A3-9474-1A3956D46DE8}") = "Solution Items", "Solution Items", "{8F070BC8-8787-4F58-8ACB-0E09E6BE836B}"
	ProjectSection(SolutionItems) = preProject
		global.json = global.json
	EndProjectSection
EndProject
Project("{8BB2217D-0F2D-49D1-97BC-3654ED321F3B}") = "System.CommandLine.Parser", "Source\System.CommandLine.Parser\System.CommandLine.Parser.xproj", "{0337C4C9-4128-4F8C-9265-ADCCA3D81C84}"
EndProject
Project("{2150E333-8FDC-42A3-9474-1A3956D46DE8}") = "Test", "Test", "{20707C87-E431-4DEC-A8B2-767F105F3D8C}"
EndProject
Project("{8BB2217D-0F2D-49D1-97BC-3654ED321F3B}") = "CommandLineParser.UnitTests", "Test\CommandLineParser.UnitTests\CommandLineParser.UnitTests.xproj", "{C6A158B6-9AA2-4BA8-9FB4-91DFA4B0A808}"
EndProject
Project("{2150E333-8FDC-42A3-9474-1A3956D46DE8}") = "Samples", "Samples", "{CB16ADDA-2104-451D-ADE8-BDA8D2FCCF6A}"
EndProject
Project("{8BB2217D-0F2D-49D1-97BC-3654ED321F3B}") = "CommandLineParser.Samples.Console", "Samples\CommandLineParser.Samples.Console\CommandLineParser.Samples.Console.xproj", "{7318BA9D-1543-42C7-BAAB-BBAF8FB964E3}"
EndProject
Global
	GlobalSection(SolutionConfigurationPlatforms) = preSolution
		Debug|Any CPU = Debug|Any CPU
		Release|Any CPU = Release|Any CPU
	EndGlobalSection
	GlobalSection(ProjectConfigurationPlatforms) = postSolution
		{0337C4C9-4128-4F8C-9265-ADCCA3D81C84}.Debug|Any CPU.ActiveCfg = Debug|Any CPU
		{0337C4C9-4128-4F8C-9265-ADCCA3D81C84}.Debug|Any CPU.Build.0 = Debug|Any CPU
		{0337C4C9-4128-4F8C-9265-ADCCA3D81C84}.Release|Any CPU.ActiveCfg = Release|Any CPU
		{0337C4C9-4128-4F8C-9265-ADCCA3D81C84}.Release|Any CPU.Build.0 = Release|Any CPU
		{C6A158B6-9AA2-4BA8-9FB4-91DFA4B0A808}.Debug|Any CPU.ActiveCfg = Debug|Any CPU
		{C6A158B6-9AA2-4BA8-9FB4-91DFA4B0A808}.Debug|Any CPU.Build.0 = Debug|Any CPU
		{C6A158B6-9AA2-4BA8-9FB4-91DFA4B0A808}.Release|Any CPU.ActiveCfg = Release|Any CPU
		{C6A158B6-9AA2-4BA8-9FB4-91DFA4B0A808}.Release|Any CPU.Build.0 = Release|Any CPU
		{7318BA9D-1543-42C7-BAAB-BBAF8FB964E3}.Debug|Any CPU.ActiveCfg = Debug|Any CPU
		{7318BA9D-1543-42C7-BAAB-BBAF8FB964E3}.Debug|Any CPU.Build.0 = Debug|Any CPU
		{7318BA9D-1543-42C7-BAAB-BBAF8FB964E3}.Release|Any CPU.ActiveCfg = Release|Any CPU
		{7318BA9D-1543-42C7-BAAB-BBAF8FB964E3}.Release|Any CPU.Build.0 = Release|Any CPU
	EndGlobalSection
	GlobalSection(SolutionProperties) = preSolution
		HideSolutionNode = FALSE
	EndGlobalSection
	GlobalSection(NestedProjects) = preSolution
		{0337C4C9-4128-4F8C-9265-ADCCA3D81C84} = {BAA8A4EE-6C46-4307-BC50-DCF1D0EA7995}
		{C6A158B6-9AA2-4BA8-9FB4-91DFA4B0A808} = {20707C87-E431-4DEC-A8B2-767F105F3D8C}
		{7318BA9D-1543-42C7-BAAB-BBAF8FB964E3} = {CB16ADDA-2104-451D-ADE8-BDA8D2FCCF6A}
	EndGlobalSection
EndGlobal
